
Microsoft Visual Studio Solution File, Format Version 12.00
# Visual Studio Version 16
VisualStudioVersion = 16.0.30804.86
MinimumVisualStudioVersion = 10.0.40219.1
Project("{8BC9CEB8-8B4A-11D0-8D11-00A0C91BC942}") = "OpenGLGame", "OpenGLGame.vcxproj", "{459448F0-F068-4CD7-8F35-E27FAB5C012D}"
EndProject
Global
	GlobalSection(SolutionConfigurationPlatforms) = preSolution
		Debug|x64 = Debug|x64
		Debug|x86 = Debug|x86
		Release|x64 = Release|x64
		Release|x86 = Release|x86
	EndGlobalSection
	GlobalSection(ProjectConfigurationPlatforms) = postSolution
		{459448F0-F068-4CD7-8F35-E27FAB5C012D}.Debug|x64.ActiveCfg = Debug|x64
		{459448F0-F068-4CD7-8F35-E27FAB5C012D}.Debug|x64.Build.0 = Debug|x64
		{459448F0-F068-4CD7-8F35-E27FAB5C012D}.Debug|x86.ActiveCfg = Debug|Win32
		{459448F0-F068-4CD7-8F35-E27FAB5C012D}.Debug|x86.Build.0 = Debug|Win32
		{459448F0-F068-4CD7-8F35-E27FAB5C012D}.Release|x64.ActiveCfg = Release|x64
		{459448F0-F068-4CD7-8F35-E27FAB5C012D}.Release|x64.Build.0 = Release|x64
		{459448F0-F068-4CD7-8F35-E27FAB5C012D}.Release|x86.ActiveCfg = Release|Win32
		{459448F0-F068-4CD7-8F35-E27FAB5C012D}.Release|x86.Build.0 = Release|Win32
	EndGlobalSection
	GlobalSection(SolutionProperties) = preSolution
		HideSolutionNode = FALSE
	EndGlobalSection
	GlobalSection(ExtensibilityGlobals) = postSolution
		SolutionGuid = {4F0B98F1-24FA-4A0D-B88C-87932AA413D9}
	EndGlobalSection
EndGlobal
